{
  "pins" : [
    {
      "identity" : "zoomableimagemanager",
      "kind" : "remoteSourceControl",
      "location" : "https://github.com/ash09rai/ZoomableImageManager.git",
      "state" : {
        "revision" : "e18c516f353eedf2b8cb457ee27c0cb5adad0de2",
        "version" : "1.0.0"
      }
    }
  ],
  "version" : 2
}
